
Microsoft Visual Studio Solution File, Format Version 12.00
# Visual Studio 14
VisualStudioVersion = 14.0.25123.0
MinimumVisualStudioVersion = 10.0.40219.1
Project("{00D1A9C2-B5F0-4AF3-8072-F6C62B433612}") = "SSISExecutionManager", "SSISExecutionManager\SSISExecutionManager.sqlproj", "{F8EA7C7B-9B18-4B2E-9D59-A7539C6AEB05}"
EndProject
Project("{159641D6-6404-4A2A-AE62-294DE0FE8301}") = "ExampleProjectA", "ExampleProjectA\ExampleProjectA.dtproj", "{DAF078D7-45EB-4125-9ED5-D3B46FD05674}"
EndProject
Project("{159641D6-6404-4A2A-AE62-294DE0FE8301}") = "ExampleProjectB", "ExampleProjectB\ExampleProjectB.dtproj", "{18F0A9DE-13E1-4A5B-B1F3-8DB7C81A24AA}"
EndProject
Global
	GlobalSection(SolutionConfigurationPlatforms) = preSolution
		Debug|Any CPU = Debug|Any CPU
		Development|Any CPU = Development|Any CPU
		Release|Any CPU = Release|Any CPU
	EndGlobalSection
	GlobalSection(ProjectConfigurationPlatforms) = postSolution
		{F8EA7C7B-9B18-4B2E-9D59-A7539C6AEB05}.Debug|Any CPU.ActiveCfg = Debug|Any CPU
		{F8EA7C7B-9B18-4B2E-9D59-A7539C6AEB05}.Debug|Any CPU.Build.0 = Debug|Any CPU
		{F8EA7C7B-9B18-4B2E-9D59-A7539C6AEB05}.Debug|Any CPU.Deploy.0 = Debug|Any CPU
		{F8EA7C7B-9B18-4B2E-9D59-A7539C6AEB05}.Development|Any CPU.ActiveCfg = Debug|Any CPU
		{F8EA7C7B-9B18-4B2E-9D59-A7539C6AEB05}.Development|Any CPU.Build.0 = Debug|Any CPU
		{F8EA7C7B-9B18-4B2E-9D59-A7539C6AEB05}.Development|Any CPU.Deploy.0 = Debug|Any CPU
		{F8EA7C7B-9B18-4B2E-9D59-A7539C6AEB05}.Release|Any CPU.ActiveCfg = Release|Any CPU
		{F8EA7C7B-9B18-4B2E-9D59-A7539C6AEB05}.Release|Any CPU.Build.0 = Release|Any CPU
		{F8EA7C7B-9B18-4B2E-9D59-A7539C6AEB05}.Release|Any CPU.Deploy.0 = Release|Any CPU
		{DAF078D7-45EB-4125-9ED5-D3B46FD05674}.Debug|Any CPU.ActiveCfg = Development
		{DAF078D7-45EB-4125-9ED5-D3B46FD05674}.Debug|Any CPU.Build.0 = Development
		{DAF078D7-45EB-4125-9ED5-D3B46FD05674}.Development|Any CPU.ActiveCfg = Development
		{DAF078D7-45EB-4125-9ED5-D3B46FD05674}.Development|Any CPU.Build.0 = Development
		{DAF078D7-45EB-4125-9ED5-D3B46FD05674}.Release|Any CPU.ActiveCfg = Release
		{DAF078D7-45EB-4125-9ED5-D3B46FD05674}.Release|Any CPU.Build.0 = Release
		{18F0A9DE-13E1-4A5B-B1F3-8DB7C81A24AA}.Debug|Any CPU.ActiveCfg = Development
		{18F0A9DE-13E1-4A5B-B1F3-8DB7C81A24AA}.Debug|Any CPU.Build.0 = Development
		{18F0A9DE-13E1-4A5B-B1F3-8DB7C81A24AA}.Development|Any CPU.ActiveCfg = Development
		{18F0A9DE-13E1-4A5B-B1F3-8DB7C81A24AA}.Development|Any CPU.Build.0 = Development
		{18F0A9DE-13E1-4A5B-B1F3-8DB7C81A24AA}.Release|Any CPU.ActiveCfg = Release
		{18F0A9DE-13E1-4A5B-B1F3-8DB7C81A24AA}.Release|Any CPU.Build.0 = Release
	EndGlobalSection
	GlobalSection(SolutionProperties) = preSolution
		HideSolutionNode = FALSE
	EndGlobalSection
EndGlobal
